
Microsoft Visual Studio Solution File, Format Version 12.00
# Visual Studio Version 17
VisualStudioVersion = 17.6.33829.357
MinimumVisualStudioVersion = 10.0.40219.1
Project("{9A19103F-16F7-4668-BE54-9A1E7A4F7556}") = "ValidatorMapper", "ValidatorMapper\ValidatorMapper.csproj", "{64CAA5CF-B64F-41D2-980D-C2D387F022C6}"
EndProject
Project("{FAE04EC0-301F-11D3-BF4B-00C04F79EFBC}") = "ValidatorMapper.Tests", "ValidatorMapper.Tests\ValidatorMapper.Tests.csproj", "{FBE5B6A4-5991-4453-8623-0CB04EA1DF1B}"
EndProject
Global
	GlobalSection(SolutionConfigurationPlatforms) = preSolution
		Debug|Any CPU = Debug|Any CPU
		Release|Any CPU = Release|Any CPU
	EndGlobalSection
	GlobalSection(ProjectConfigurationPlatforms) = postSolution
		{64CAA5CF-B64F-41D2-980D-C2D387F022C6}.Debug|Any CPU.ActiveCfg = Debug|Any CPU
		{64CAA5CF-B64F-41D2-980D-C2D387F022C6}.Debug|Any CPU.Build.0 = Debug|Any CPU
		{64CAA5CF-B64F-41D2-980D-C2D387F022C6}.Release|Any CPU.ActiveCfg = Release|Any CPU
		{64CAA5CF-B64F-41D2-980D-C2D387F022C6}.Release|Any CPU.Build.0 = Release|Any CPU
		{FBE5B6A4-5991-4453-8623-0CB04EA1DF1B}.Debug|Any CPU.ActiveCfg = Debug|Any CPU
		{FBE5B6A4-5991-4453-8623-0CB04EA1DF1B}.Debug|Any CPU.Build.0 = Debug|Any CPU
		{FBE5B6A4-5991-4453-8623-0CB04EA1DF1B}.Release|Any CPU.ActiveCfg = Release|Any CPU
		{FBE5B6A4-5991-4453-8623-0CB04EA1DF1B}.Release|Any CPU.Build.0 = Release|Any CPU
	EndGlobalSection
	GlobalSection(SolutionProperties) = preSolution
		HideSolutionNode = FALSE
	EndGlobalSection
	GlobalSection(ExtensibilityGlobals) = postSolution
		SolutionGuid = {B1F82D97-A30B-485B-9BB6-D21CFEC5A52E}
	EndGlobalSection
EndGlobal
